
Microsoft Visual Studio Solution File, Format Version 12.00
# Visual Studio 14
VisualStudioVersion = 14.0.25420.1
MinimumVisualStudioVersion = 12.0
Project("{8BC9CEB8-8B4A-11D0-8D11-00A0C91BC942}") = "SKSE", "SKSE\SKSE.vcxproj", "{E2BB26EC-2013-42CD-BCA5-C9C566BA0379}"
EndProject
Project("{8BC9CEB8-8B4A-11D0-8D11-00A0C91BC942}") = "Skyrim", "Skyrim\Skyrim.vcxproj", "{AD95F75E-FD79-4F2F-BC36-828D592A790A}"
EndProject
Project("{2150E333-8FDC-42A3-9474-1A3956D46DE8}") = "Libs", "Libs", "{B97F6877-F78C-4BE1-A8A1-4F4C0ECB59C5}"
EndProject
Project("{8BC9CEB8-8B4A-11D0-8D11-00A0C91BC942}") = "SkyrimSouls", "SkyrimSouls\SkyrimSouls.vcxproj", "{322E7D1F-19C9-4ECE-A6D6-262DA2EE3890}"
EndProject
Project("{8BC9CEB8-8B4A-11D0-8D11-00A0C91BC942}") = "ImmersiveMerchant", "ImmersiveMerchant\ImmersiveMerchant.vcxproj", "{4F7A88FA-3CE9-4FC7-BADA-26DE9F4D3DC1}"
EndProject
Global
	GlobalSection(SolutionConfigurationPlatforms) = preSolution
		Debug|Win32 = Debug|Win32
		Debug|x64 = Debug|x64
		Release|Win32 = Release|Win32
		Release|x64 = Release|x64
	EndGlobalSection
	GlobalSection(ProjectConfigurationPlatforms) = postSolution
		{E2BB26EC-2013-42CD-BCA5-C9C566BA0379}.Debug|Win32.ActiveCfg = Debug|Win32
		{E2BB26EC-2013-42CD-BCA5-C9C566BA0379}.Debug|Win32.Build.0 = Debug|Win32
		{E2BB26EC-2013-42CD-BCA5-C9C566BA0379}.Debug|x64.ActiveCfg = Debug|Win32
		{E2BB26EC-2013-42CD-BCA5-C9C566BA0379}.Release|Win32.ActiveCfg = Release|Win32
		{E2BB26EC-2013-42CD-BCA5-C9C566BA0379}.Release|Win32.Build.0 = Release|Win32
		{E2BB26EC-2013-42CD-BCA5-C9C566BA0379}.Release|x64.ActiveCfg = Release|Win32
		{AD95F75E-FD79-4F2F-BC36-828D592A790A}.Debug|Win32.ActiveCfg = Debug|Win32
		{AD95F75E-FD79-4F2F-BC36-828D592A790A}.Debug|Win32.Build.0 = Debug|Win32
		{AD95F75E-FD79-4F2F-BC36-828D592A790A}.Debug|x64.ActiveCfg = Debug|Win32
		{AD95F75E-FD79-4F2F-BC36-828D592A790A}.Release|Win32.ActiveCfg = Release|Win32
		{AD95F75E-FD79-4F2F-BC36-828D592A790A}.Release|Win32.Build.0 = Release|Win32
		{AD95F75E-FD79-4F2F-BC36-828D592A790A}.Release|x64.ActiveCfg = Release|Win32
		{322E7D1F-19C9-4ECE-A6D6-262DA2EE3890}.Debug|Win32.ActiveCfg = Debug|Win32
		{322E7D1F-19C9-4ECE-A6D6-262DA2EE3890}.Debug|Win32.Build.0 = Debug|Win32
		{322E7D1F-19C9-4ECE-A6D6-262DA2EE3890}.Debug|x64.ActiveCfg = Debug|x64
		{322E7D1F-19C9-4ECE-A6D6-262DA2EE3890}.Debug|x64.Build.0 = Debug|x64
		{322E7D1F-19C9-4ECE-A6D6-262DA2EE3890}.Release|Win32.ActiveCfg = Release|Win32
		{322E7D1F-19C9-4ECE-A6D6-262DA2EE3890}.Release|Win32.Build.0 = Release|Win32
		{322E7D1F-19C9-4ECE-A6D6-262DA2EE3890}.Release|x64.ActiveCfg = Release|x64
		{322E7D1F-19C9-4ECE-A6D6-262DA2EE3890}.Release|x64.Build.0 = Release|x64
		{4F7A88FA-3CE9-4FC7-BADA-26DE9F4D3DC1}.Debug|Win32.ActiveCfg = Debug|Win32
		{4F7A88FA-3CE9-4FC7-BADA-26DE9F4D3DC1}.Debug|Win32.Build.0 = Debug|Win32
		{4F7A88FA-3CE9-4FC7-BADA-26DE9F4D3DC1}.Debug|x64.ActiveCfg = Debug|x64
		{4F7A88FA-3CE9-4FC7-BADA-26DE9F4D3DC1}.Debug|x64.Build.0 = Debug|x64
		{4F7A88FA-3CE9-4FC7-BADA-26DE9F4D3DC1}.Release|Win32.ActiveCfg = Release|Win32
		{4F7A88FA-3CE9-4FC7-BADA-26DE9F4D3DC1}.Release|Win32.Build.0 = Release|Win32
		{4F7A88FA-3CE9-4FC7-BADA-26DE9F4D3DC1}.Release|x64.ActiveCfg = Release|x64
		{4F7A88FA-3CE9-4FC7-BADA-26DE9F4D3DC1}.Release|x64.Build.0 = Release|x64
	EndGlobalSection
	GlobalSection(SolutionProperties) = preSolution
		HideSolutionNode = FALSE
	EndGlobalSection
	GlobalSection(NestedProjects) = preSolution
		{E2BB26EC-2013-42CD-BCA5-C9C566BA0379} = {B97F6877-F78C-4BE1-A8A1-4F4C0ECB59C5}
		{AD95F75E-FD79-4F2F-BC36-828D592A790A} = {B97F6877-F78C-4BE1-A8A1-4F4C0ECB59C5}
	EndGlobalSection
EndGlobal
